Microsoft Visual Studio Solution File, Format Version 12.00
# Visual Studio Version 17
VisualStudioVersion = 17.5.2.0
MinimumVisualStudioVersion = 10.0.40219.1
Project("{FAE04EC0-301F-11D3-BF4B-00C04F79EFBC}") = "HeuristicasDistribuicaoTarefas", "HeuristicasDistribuicaoTarefas.csproj", "{8368D21E-9032-0E3C-FC9E-BEA28C6F5354}"
EndProject
Global
	GlobalSection(SolutionConfigurationPlatforms) = preSolution
		Debug|Any CPU = Debug|Any CPU
		Release|Any CPU = Release|Any CPU
	EndGlobalSection
	GlobalSection(ProjectConfigurationPlatforms) = postSolution
		{8368D21E-9032-0E3C-FC9E-BEA28C6F5354}.Debug|Any CPU.ActiveCfg = Debug|Any CPU
		{8368D21E-9032-0E3C-FC9E-BEA28C6F5354}.Debug|Any CPU.Build.0 = Debug|Any CPU
		{8368D21E-9032-0E3C-FC9E-BEA28C6F5354}.Release|Any CPU.ActiveCfg = Release|Any CPU
		{8368D21E-9032-0E3C-FC9E-BEA28C6F5354}.Release|Any CPU.Build.0 = Release|Any CPU
	EndGlobalSection
	GlobalSection(SolutionProperties) = preSolution
		HideSolutionNode = FALSE
	EndGlobalSection
	GlobalSection(ExtensibilityGlobals) = postSolution
		SolutionGuid = {66E109CC-4DD2-48C0-90E9-89B3C3D806F5}
	EndGlobalSection
EndGlobal
